<?xml version="1.0" encoding="utf-8"?>
<Project ToolsVersion="4.0" xmlns="http://schemas.microsoft.com/developer/msbuild/2003">
  <ItemGroup>
    <Filter Include="Devices">
      <UniqueIdentifier>{9bf2fdf8-8b0d-4210-ae71-31fcaf9ad56a}</UniqueIdentifier>
    </Filter>
  </ItemGroup>
  <ItemGroup>
    <ClInclude Include="Devices\DHT.h">
      <Filter>Devices</Filter>
    </ClInclude>
    <ClInclude Include="Devices\LCD.h">
      <Filter>Devices</Filter>
    </ClInclude>
    <ClInclude Include="Devices\PIR.h">
      <Filter>Devices</Filter>
    </ClInclude>
    <ClInclude Include="Devices\Reed.h">
      <Filter>Devices</Filter>
    </ClInclude>
    <ClInclude Include="Engine.h" />
    <ClInclude Include="__vm\.BoxWatcher.vsarduino.h" />
  </ItemGroup>
  <ItemGroup>
    <ClCompile Include="Devices\DHT.cpp">
      <Filter>Devices</Filter>
    </ClCompile>
    <ClCompile Include="Devices\LCD.cpp">
      <Filter>Devices</Filter>
    </ClCompile>
    <ClCompile Include="Devices\PIR.cpp">
      <Filter>Devices</Filter>
    </ClCompile>
    <ClCompile Include="Devices\Reed.cpp">
      <Filter>Devices</Filter>
    </ClCompile>
    <ClCompile Include="Engine.cpp" />
  </ItemGroup>
  <ItemGroup>
    <None Include="BoxWatcher.ino" />
  </ItemGroup>
</Project>